
Microsoft Visual Studio Solution File, Format Version 12.00
# Visual Studio Version 17
VisualStudioVersion = 17.8.34309.116
MinimumVisualStudioVersion = 10.0.40219.1
Project("{FAE04EC0-301F-11D3-BF4B-00C04F79EFBC}") = "BlazorBootstrapIssue512Demo", "BlazorBootstrapIssue512Demo.csproj", "{5B99F9E7-0680-4B5B-A38A-E62BF4A1C21A}"
EndProject
Global
	GlobalSection(SolutionConfigurationPlatforms) = preSolution
		Debug|Any CPU = Debug|Any CPU
		Release|Any CPU = Release|Any CPU
	EndGlobalSection
	GlobalSection(ProjectConfigurationPlatforms) = postSolution
		{5B99F9E7-0680-4B5B-A38A-E62BF4A1C21A}.Debug|Any CPU.ActiveCfg = Debug|Any CPU
		{5B99F9E7-0680-4B5B-A38A-E62BF4A1C21A}.Debug|Any CPU.Build.0 = Debug|Any CPU
		{5B99F9E7-0680-4B5B-A38A-E62BF4A1C21A}.Release|Any CPU.ActiveCfg = Release|Any CPU
		{5B99F9E7-0680-4B5B-A38A-E62BF4A1C21A}.Release|Any CPU.Build.0 = Release|Any CPU
	EndGlobalSection
	GlobalSection(SolutionProperties) = preSolution
		HideSolutionNode = FALSE
	EndGlobalSection
	GlobalSection(ExtensibilityGlobals) = postSolution
		SolutionGuid = {04ED395B-DACF-4EA8-826C-29C1981CF631}
	EndGlobalSection
EndGlobal
